
Microsoft Visual Studio Solution File, Format Version 12.00
# Visual Studio Version 17
VisualStudioVersion = 17.9.34723.18
MinimumVisualStudioVersion = 10.0.40219.1
Project("{FAE04EC0-301F-11D3-BF4B-00C04F79EFBC}") = "DemoSingleResponsibility", "DemoSingleResponsibility\DemoSingleResponsibility.csproj", "{66CDBECC-C5C0-4717-B916-9E23B2C008F0}"
EndProject
Global
	GlobalSection(SolutionConfigurationPlatforms) = preSolution
		Debug|Any CPU = Debug|Any CPU
		Release|Any CPU = Release|Any CPU
	EndGlobalSection
	GlobalSection(ProjectConfigurationPlatforms) = postSolution
		{66CDBECC-C5C0-4717-B916-9E23B2C008F0}.Debug|Any CPU.ActiveCfg = Debug|Any CPU
		{66CDBECC-C5C0-4717-B916-9E23B2C008F0}.Debug|Any CPU.Build.0 = Debug|Any CPU
		{66CDBECC-C5C0-4717-B916-9E23B2C008F0}.Release|Any CPU.ActiveCfg = Release|Any CPU
		{66CDBECC-C5C0-4717-B916-9E23B2C008F0}.Release|Any CPU.Build.0 = Release|Any CPU
	EndGlobalSection
	GlobalSection(SolutionProperties) = preSolution
		HideSolutionNode = FALSE
	EndGlobalSection
	GlobalSection(ExtensibilityGlobals) = postSolution
		SolutionGuid = {A838E5F1-178A-4B2C-BA57-7AD99FEE4852}
	EndGlobalSection
EndGlobal
